
Microsoft Visual Studio Solution File, Format Version 12.00
# Visual Studio 2013
VisualStudioVersion = 12.0.31101.0
MinimumVisualStudioVersion = 10.0.40219.1
Project("{FAE04EC0-301F-11D3-BF4B-00C04F79EFBC}") = "Organizer.WebAPI", "Organizer.WebAPI\Organizer.WebAPI.csproj", "{6985636C-8D1D-4F6F-9FA4-74A7123ED21F}"
EndProject
Project("{E24C65DC-7377-472B-9ABA-BC803B73C61A}") = "Organizer.Client", "http://localhost:9312", "{1C28DC60-8A4C-4B24-9336-197E230FEC5D}"
	ProjectSection(WebsiteProperties) = preProject
		UseIISExpress = "true"
		TargetFrameworkMoniker = ".NETFramework,Version%3Dv4.5"
		Debug.AspNetCompiler.VirtualPath = "/localhost_9312"
		Debug.AspNetCompiler.PhysicalPath = "Organizer.Client\"
		Debug.AspNetCompiler.TargetPath = "PrecompiledWeb\localhost_9312\"
		Debug.AspNetCompiler.Updateable = "true"
		Debug.AspNetCompiler.ForceOverwrite = "true"
		Debug.AspNetCompiler.FixedNames = "false"
		Debug.AspNetCompiler.Debug = "True"
		Release.AspNetCompiler.VirtualPath = "/localhost_9312"
		Release.AspNetCompiler.PhysicalPath = "Organizer.Client\"
		Release.AspNetCompiler.TargetPath = "PrecompiledWeb\localhost_9312\"
		Release.AspNetCompiler.Updateable = "true"
		Release.AspNetCompiler.ForceOverwrite = "true"
		Release.AspNetCompiler.FixedNames = "false"
		Release.AspNetCompiler.Debug = "False"
		SlnRelativePath = "Organizer.Client\"
		DefaultWebSiteLanguage = "Visual C#"
	EndProjectSection
EndProject
Project("{FAE04EC0-301F-11D3-BF4B-00C04F79EFBC}") = "Organizer.Common", "Organizer.Common\Organizer.Common.csproj", "{B086A65D-8D60-4293-A54A-0689F7CA9269}"
EndProject
Project("{FAE04EC0-301F-11D3-BF4B-00C04F79EFBC}") = "Organizer.Data", "Organizer.Data\Organizer.Data\Organizer.Data.csproj", "{16E16727-0C43-4FA3-B5D1-E62BABCB09C2}"
EndProject
Project("{FAE04EC0-301F-11D3-BF4B-00C04F79EFBC}") = "Organizer.Models", "Organizer.Models\Organizer.Models.csproj", "{5D2859C7-CDA9-416C-9FE1-5ABE3853548D}"
EndProject
Global
	GlobalSection(SolutionConfigurationPlatforms) = preSolution
		Debug|Any CPU = Debug|Any CPU
		Release|Any CPU = Release|Any CPU
	EndGlobalSection
	GlobalSection(ProjectConfigurationPlatforms) = postSolution
		{6985636C-8D1D-4F6F-9FA4-74A7123ED21F}.Debug|Any CPU.ActiveCfg = Debug|Any CPU
		{6985636C-8D1D-4F6F-9FA4-74A7123ED21F}.Debug|Any CPU.Build.0 = Debug|Any CPU
		{6985636C-8D1D-4F6F-9FA4-74A7123ED21F}.Release|Any CPU.ActiveCfg = Release|Any CPU
		{6985636C-8D1D-4F6F-9FA4-74A7123ED21F}.Release|Any CPU.Build.0 = Release|Any CPU
		{1C28DC60-8A4C-4B24-9336-197E230FEC5D}.Debug|Any CPU.ActiveCfg = Debug|Any CPU
		{1C28DC60-8A4C-4B24-9336-197E230FEC5D}.Debug|Any CPU.Build.0 = Debug|Any CPU
		{1C28DC60-8A4C-4B24-9336-197E230FEC5D}.Release|Any CPU.ActiveCfg = Debug|Any CPU
		{1C28DC60-8A4C-4B24-9336-197E230FEC5D}.Release|Any CPU.Build.0 = Debug|Any CPU
		{B086A65D-8D60-4293-A54A-0689F7CA9269}.Debug|Any CPU.ActiveCfg = Debug|Any CPU
		{B086A65D-8D60-4293-A54A-0689F7CA9269}.Debug|Any CPU.Build.0 = Debug|Any CPU
		{B086A65D-8D60-4293-A54A-0689F7CA9269}.Release|Any CPU.ActiveCfg = Release|Any CPU
		{B086A65D-8D60-4293-A54A-0689F7CA9269}.Release|Any CPU.Build.0 = Release|Any CPU
		{16E16727-0C43-4FA3-B5D1-E62BABCB09C2}.Debug|Any CPU.ActiveCfg = Debug|Any CPU
		{16E16727-0C43-4FA3-B5D1-E62BABCB09C2}.Debug|Any CPU.Build.0 = Debug|Any CPU
		{16E16727-0C43-4FA3-B5D1-E62BABCB09C2}.Release|Any CPU.ActiveCfg = Release|Any CPU
		{16E16727-0C43-4FA3-B5D1-E62BABCB09C2}.Release|Any CPU.Build.0 = Release|Any CPU
		{5D2859C7-CDA9-416C-9FE1-5ABE3853548D}.Debug|Any CPU.ActiveCfg = Debug|Any CPU
		{5D2859C7-CDA9-416C-9FE1-5ABE3853548D}.Debug|Any CPU.Build.0 = Debug|Any CPU
		{5D2859C7-CDA9-416C-9FE1-5ABE3853548D}.Release|Any CPU.ActiveCfg = Release|Any CPU
		{5D2859C7-CDA9-416C-9FE1-5ABE3853548D}.Release|Any CPU.Build.0 = Release|Any CPU
	EndGlobalSection
	GlobalSection(SolutionProperties) = preSolution
		HideSolutionNode = FALSE
	EndGlobalSection
EndGlobal
